// !$*UTF8*$!
{
	archiveVersion = 1;
	classes = {
	};
	objectVersion = 46;
	objects = {

/* Begin PBXBuildFile section */
		285523051A61E4C3000CCA38 /* mcgriddle.png in Resources */ = {isa = PBXBuildFile; fileRef = 285523041A61E4C3000CCA38 /* mcgriddle.png */; };
		289FBA1E1A61D64500CBA699 /* AppDelegate.swift in Sources */ = {isa = PBXBuildFile; fileRef = 289FBA1D1A61D64500CBA699 /* AppDelegate.swift */; };
		289FBA201A61D64500CBA699 /* ViewController.swift in Sources */ = {isa = PBXBuildFile; fileRef = 289FBA1F1A61D64500CBA699 /* ViewController.swift */; };
		289FBA231A61D64500CBA699 /* Main.storyboard in Resources */ = {isa = PBXBuildFile; fileRef = 289FBA211A61D64500CBA699 /* Main.storyboard */; };
		289FBA251A61D64500CBA699 /* Images.xcassets in Resources */ = {isa = PBXBuildFile; fileRef = 289FBA241A61D64500CBA699 /* Images.xcassets */; };
		289FBA281A61D64500CBA699 /* LaunchScreen.xib in Resources */ = {isa = PBXBuildFile; fileRef = 289FBA261A61D64500CBA699 /* LaunchScreen.xib */; };
		289FBA341A61D64500CBA699 /* GriddlrTests.swift in Sources */ = {isa = PBXBuildFile; fileRef = 289FBA331A61D64500CBA699 /* GriddlrTests.swift */; };
/* End PBXBuildFile section */

/* Begin PBXContainerItemProxy section */
		289FBA2E1A61D64500CBA699 /* PBXContainerItemProxy */ = {
			isa = PBXContainerItemProxy;
			containerPortal = 289FBA101A61D64500CBA699 /* Project object */;
			proxyType = 1;
			remoteGlobalIDString = 289FBA171A61D64500CBA699;
			remoteInfo = Griddlr;
		};
/* End PBXContainerItemProxy section */

/* Begin PBXFileReference section */
		285523041A61E4C3000CCA38 /* mcgriddle.png */ = {isa = PBXFileReference; lastKnownFileType = image.png; path = mcgriddle.png; sourceTree = "<group>"; };
		289FBA181A61D64500CBA699 /* Griddlr.app */ = {isa = PBXFileReference; explicitFileType = wrapper.application; includeInIndex = 0; path = Griddlr.app; sourceTree = BUILT_PRODUCTS_DIR; };
		289FBA1C1A61D64500CBA699 /* Info.plist */ = {isa = PBXFileReference; lastKnownFileType = text.plist.xml; path = Info.plist; sourceTree = "<group>"; };
		289FBA1D1A61D64500CBA699 /* AppDelegate.swift */ = {isa = PBXFileReference; lastKnownFileType = sourcecode.swift; path = AppDelegate.swift; sourceTree = "<group>"; };
		289FBA1F1A61D64500CBA699 /* ViewController.swift */ = {isa = PBXFileReference; lastKnownFileType = sourcecode.swift; path = ViewController.swift; sourceTree = "<group>"; };
		289FBA221A61D64500CBA699 /* Base */ = {isa = PBXFileReference; lastKnownFileType = file.storyboard; name = Base; path = Base.lproj/Main.storyboard; sourceTree = "<group>"; };
		289FBA241A61D64500CBA699 /* Images.xcassets */ = {isa = PBXFileReference; lastKnownFileType = folder.assetcatalog; path = Images.xcassets; sourceTree = "<group>"; };
		289FBA271A61D64500CBA699 /* Base */ = {isa = PBXFileReference; lastKnownFileType = file.xib; name = Base; path = Base.lproj/LaunchScreen.xib; sourceTree = "<group>"; };
		289FBA2D1A61D64500CBA699 /* GriddlrTests.xctest */ = {isa = PBXFileReference; explicitFileType = wrapper.cfbundle; includeInIndex = 0; path = GriddlrTests.xctest; sourceTree = BUILT_PRODUCTS_DIR; };
		289FBA321A61D64500CBA699 /* Info.plist */ = {isa = PBXFileReference; lastKnownFileType = text.plist.xml; path = Info.plist; sourceTree = "<group>"; };
		289FBA331A61D64500CBA699 /* GriddlrTests.swift */ = {isa = PBXFileReference; lastKnownFileType = sourcecode.swift; path = GriddlrTests.swift; sourceTree = "<group>"; };
/* End PBXFileReference section */

/* Begin PBXFrameworksBuildPhase section */
		289FBA151A61D64500CBA699 /* Frameworks */ = {
			isa = PBXFrameworksBuildPhase;
			buildActionMask = 2147483647;
			files = (
			);
			runOnlyForDeploymentPostprocessing = 0;
		};
		289FBA2A1A61D64500CBA699 /* Frameworks */ = {
			isa = PBXFrameworksBuildPhase;
			buildActionMask = 2147483647;
			files = (
			);
			runOnlyForDeploymentPostprocessing = 0;
		};
/* End PBXFrameworksBuildPhase section */

/* Begin PBXGroup section */
		289FBA0F1A61D64500CBA699 = {
			isa = PBXGroup;
			children = (
				289FBA1A1A61D64500CBA699 /* Griddlr */,
				289FBA301A61D64500CBA699 /* GriddlrTests */,
				289FBA191A61D64500CBA699 /* Products */,
			);
			sourceTree = "<group>";
		};
		289FBA191A61D64500CBA699 /* Products */ = {
			isa = PBXGroup;
			children = (
				289FBA181A61D64500CBA699 /* Griddlr.app */,
				289FBA2D1A61D64500CBA699 /* GriddlrTests.xctest */,
			);
			name = Products;
			sourceTree = "<group>";
		};
		289FBA1A1A61D64500CBA699 /* Griddlr */ = {
			isa = PBXGroup;
			children = (
				289FBA1D1A61D64500CBA699 /* AppDelegate.swift */,
				289FBA1F1A61D64500CBA699 /* ViewController.swift */,
				289FBA211A61D64500CBA699 /* Main.storyboard */,
				289FBA241A61D64500CBA699 /* Images.xcassets */,
				289FBA261A61D64500CBA699 /* LaunchScreen.xib */,
				289FBA1B1A61D64500CBA699 /* Supporting Files */,
			);
			path = Griddlr;
			sourceTree = "<group>";
		};
		289FBA1B1A61D64500CBA699 /* Supporting Files */ = {
			isa = PBXGroup;
			children = (
				285523041A61E4C3000CCA38 /* mcgriddle.png */,
				289FBA1C1A61D64500CBA699 /* Info.plist */,
			);
			name = "Supporting Files";
			sourceTree = "<group>";
		};
		289FBA301A61D64500CBA699 /* GriddlrTests */ = {
			isa = PBXGroup;
			children = (
				289FBA331A61D64500CBA699 /* GriddlrTests.swift */,
				289FBA311A61D64500CBA699 /* Supporting Files */,
			);
			path = GriddlrTests;
			sourceTree = "<group>";
		};
		289FBA311A61D64500CBA699 /* Supporting Files */ = {
			isa = PBXGroup;
			children = (
				289FBA321A61D64500CBA699 /* Info.plist */,
			);
			name = "Supporting Files";
			sourceTree = "<group>";
		};
/* End PBXGroup section */

/* Begin PBXNativeTarget section */
		289FBA171A61D64500CBA699 /* Griddlr */ = {
			isa = PBXNativeTarget;
			buildConfigurationList = 289FBA371A61D64500CBA699 /* Build configuration list for PBXNativeTarget "Griddlr" */;
			buildPhases = (
				289FBA141A61D64500CBA699 /* Sources */,
				289FBA151A61D64500CBA699 /* Frameworks */,
				289FBA161A61D64500CBA699 /* Resources */,
			);
			buildRules = (
			);
			dependencies = (
			);
			name = Griddlr;
			productName = Griddlr;
			productReference = 289FBA181A61D64500CBA699 /* Griddlr.app */;
			productType = "com.apple.product-type.application";
		};
		289FBA2C1A61D64500CBA699 /* GriddlrTests */ = {
			isa = PBXNativeTarget;
			buildConfigurationList = 289FBA3A1A61D64500CBA699 /* Build configuration list for PBXNativeTarget "GriddlrTests" */;
			buildPhases = (
				289FBA291A61D64500CBA699 /* Sources */,
				289FBA2A1A61D64500CBA699 /* Frameworks */,
				289FBA2B1A61D64500CBA699 /* Resources */,
			);
			buildRules = (
			);
			dependencies = (
				289FBA2F1A61D64500CBA699 /* PBXTargetDependency */,
			);
			name = GriddlrTests;
			productName = GriddlrTests;
			productReference = 289FBA2D1A61D64500CBA699 /* GriddlrTests.xctest */;
			productType = "com.apple.product-type.bundle.unit-test";
		};
/* End PBXNativeTarget section */

/* Begin PBXProject section */
		289FBA101A61D64500CBA699 /* Project object */ = {
			isa = PBXProject;
			attributes = {
				LastUpgradeCheck = 0610;
				ORGANIZATIONNAME = Griddlr;
				TargetAttributes = {
					289FBA171A61D64500CBA699 = {
						CreatedOnToolsVersion = 6.1.1;
					};
					289FBA2C1A61D64500CBA699 = {
						CreatedOnToolsVersion = 6.1.1;
						TestTargetID = 289FBA171A61D64500CBA699;
					};
				};
			};
			buildConfigurationList = 289FBA131A61D64500CBA699 /* Build configuration list for PBXProject "Griddlr" */;
			compatibilityVersion = "Xcode 3.2";
			developmentRegion = English;
			hasScannedForEncodings = 0;
			knownRegions = (
				en,
				Base,
			);
			mainGroup = 289FBA0F1A61D64500CBA699;
			productRefGroup = 289FBA191A61D64500CBA699 /* Products */;
			projectDirPath = "";
			projectRoot = "";
			targets = (
				289FBA171A61D64500CBA699 /* Griddlr */,
				289FBA2C1A61D64500CBA699 /* GriddlrTests */,
			);
		};
/* End PBXProject section */

/* Begin PBXResourcesBuildPhase section */
		289FBA161A61D64500CBA699 /* Resources */ = {
			isa = PBXResourcesBuildPhase;
			buildActionMask = 2147483647;
			files = (
				289FBA231A61D64500CBA699 /* Main.storyboard in Resources */,
				289FBA281A61D64500CBA699 /* LaunchScreen.xib in Resources */,
				289FBA251A61D64500CBA699 /* Images.xcassets in Resources */,
				285523051A61E4C3000CCA38 /* mcgriddle.png in Resources */,
			);
			runOnlyForDeploymentPostprocessing = 0;
		};
		289FBA2B1A61D64500CBA699 /* Resources */ = {
			isa = PBXResourcesBuildPhase;
			buildActionMask = 2147483647;
			files = (
			);
			runOnlyForDeploymentPostprocessing = 0;
		};
/* End PBXResourcesBuildPhase section */

/* Begin PBXSourcesBuildPhase section */
		289FBA141A61D64500CBA699 /* Sources */ = {
			isa = PBXSourcesBuildPhase;
			buildActionMask = 2147483647;
			files = (
				289FBA201A61D64500CBA699 /* ViewController.swift in Sources */,
				289FBA1E1A61D64500CBA699 /* AppDelegate.swift in Sources */,
			);
			runOnlyForDeploymentPostprocessing = 0;
		};
		289FBA291A61D64500CBA699 /* Sources */ = {
			isa = PBXSourcesBuildPhase;
			buildActionMask = 2147483647;
			files = (
				289FBA341A61D64500CBA699 /* GriddlrTests.swift in Sources */,
			);
			runOnlyForDeploymentPostprocessing = 0;
		};
/* End PBXSourcesBuildPhase section */

/* Begin PBXTargetDependency section */
		289FBA2F1A61D64500CBA699 /* PBXTargetDependency */ = {
			isa = PBXTargetDependency;
			target = 289FBA171A61D64500CBA699 /* Griddlr */;
			targetProxy = 289FBA2E1A61D64500CBA699 /* PBXContainerItemProxy */;
		};
/* End PBXTargetDependency section */

/* Begin PBXVariantGroup section */
		289FBA211A61D64500CBA699 /* Main.storyboard */ = {
			isa = PBXVariantGroup;
			children = (
				289FBA221A61D64500CBA699 /* Base */,
			);
			name = Main.storyboard;
			sourceTree = "<group>";
		};
		289FBA261A61D64500CBA699 /* LaunchScreen.xib */ = {
			isa = PBXVariantGroup;
			children = (
				289FBA271A61D64500CBA699 /* Base */,
			);
			name = LaunchScreen.xib;
			sourceTree = "<group>";
		};
/* End PBXVariantGroup section */

/* Begin XCBuildConfiguration section */
		289FBA351A61D64500CBA699 /* Debug */ = {
			isa = XCBuildConfiguration;
			buildSettings = {
				ALWAYS_SEARCH_USER_PATHS = NO;
				CLANG_CXX_LANGUAGE_STANDARD = "gnu++0x";
				CLANG_CXX_LIBRARY = "libc++";
				CLANG_ENABLE_MODULES = YES;
				CLANG_ENABLE_OBJC_ARC = YES;
				CLANG_WARN_BOOL_CONVERSION = YES;
				CLANG_WARN_CONSTANT_CONVERSION = YES;
				CLANG_WARN_DIRECT_OBJC_ISA_USAGE = YES_ERROR;
				CLANG_WARN_EMPTY_BODY = YES;
				CLANG_WARN_ENUM_CONVERSION = YES;
				CLANG_WARN_INT_CONVERSION = YES;
				CLANG_WARN_OBJC_ROOT_CLASS = YES_ERROR;
				CLANG_WARN_UNREACHABLE_CODE = YES;
				CLANG_WARN__DUPLICATE_METHOD_MATCH = YES;
				"CODE_SIGN_IDENTITY[sdk=iphoneos*]" = "iPhone Developer";
				COPY_PHASE_STRIP = NO;
				ENABLE_STRICT_OBJC_MSGSEND = YES;
				GCC_C_LANGUAGE_STANDARD = gnu99;
				GCC_DYNAMIC_NO_PIC = NO;
				GCC_OPTIMIZATION_LEVEL = 0;
				GCC_PREPROCESSOR_DEFINITIONS = (
					"DEBUG=1",
					"$(inherited)",
				);
				GCC_SYMBOLS_PRIVATE_EXTERN = NO;
				GCC_WARN_64_TO_32_BIT_CONVERSION = YES;
				GCC_WARN_ABOUT_RETURN_TYPE = YES_ERROR;
				GCC_WARN_UNDECLARED_SELECTOR = YES;
				GCC_WARN_UNINITIALIZED_AUTOS = YES_AGGRESSIVE;
				GCC_WARN_UNUSED_FUNCTION = YES;
				GCC_WARN_UNUSED_VARIABLE = YES;
				IPHONEOS_DEPLOYMENT_TARGET = 8.1;
				MTL_ENABLE_DEBUG_INFO = YES;
				ONLY_ACTIVE_ARCH = YES;
				SDKROOT = iphoneos;
				SWIFT_OPTIMIZATION_LEVEL = "-Onone";
			};
			name = Debug;
		};
		289FBA361A61D64500CBA699 /* Release */ = {
			isa = XCBuildConfiguration;
			buildSettings = {
				ALWAYS_SEARCH_USER_PATHS = NO;
				CLANG_CXX_LANGUAGE_STANDARD = "gnu++0x";
				CLANG_CXX_LIBRARY = "libc++";
				CLANG_ENABLE_MODULES = YES;
				CLANG_ENABLE_OBJC_ARC = YES;
				CLANG_WARN_BOOL_CONVERSION = YES;
				CLANG_WARN_CONSTANT_CONVERSION = YES;
				CLANG_WARN_DIRECT_OBJC_ISA_USAGE = YES_ERROR;
				CLANG_WARN_EMPTY_BODY = YES;
				CLANG_WARN_ENUM_CONVERSION = YES;
				CLANG_WARN_INT_CONVERSION = YES;
				CLANG_WARN_OBJC_ROOT_CLASS = YES_ERROR;
				CLANG_WARN_UNREACHABLE_CODE = YES;
				CLANG_WARN__DUPLICATE_METHOD_MATCH = YES;
				"CODE_SIGN_IDENTITY[sdk=iphoneos*]" = "iPhone Developer";
				COPY_PHASE_STRIP = YES;
				ENABLE_NS_ASSERTIONS = NO;
				ENABLE_STRICT_OBJC_MSGSEND = YES;
				GCC_C_LANGUAGE_STANDARD = gnu99;
				GCC_WARN_64_TO_32_BIT_CONVERSION = YES;
				GCC_WARN_ABOUT_RETURN_TYPE = YES_ERROR;
				GCC_WARN_UNDECLARED_SELECTOR = YES;
				GCC_WARN_UNINITIALIZED_AUTOS = YES_AGGRESSIVE;
				GCC_WARN_UNUSED_FUNCTION = YES;
				GCC_WARN_UNUSED_VARIABLE = YES;
				IPHONEOS_DEPLOYMENT_TARGET = 8.1;
				MTL_ENABLE_DEBUG_INFO = NO;
				SDKROOT = iphoneos;
				VALIDATE_PRODUCT = YES;
			};
			name = Release;
		};
		289FBA381A61D64500CBA699 /* Debug */ = {
			isa = XCBuildConfiguration;
			buildSettings = {
				ASSETCATALOG_COMPILER_APPICON_NAME = AppIcon;
				INFOPLIST_FILE = Griddlr/Info.plist;
				LD_RUNPATH_SEARCH_PATHS = "$(inherited) @executable_path/Frameworks";
				PRODUCT_NAME = "$(TARGET_NAME)";
			};
			name = Debug;
		};
		289FBA391A61D64500CBA699 /* Release */ = {
			isa = XCBuildConfiguration;
			buildSettings = {
				ASSETCATALOG_COMPILER_APPICON_NAME = AppIcon;
				INFOPLIST_FILE = Griddlr/Info.plist;
				LD_RUNPATH_SEARCH_PATHS = "$(inherited) @executable_path/Frameworks";
				PRODUCT_NAME = "$(TARGET_NAME)";
			};
			name = Release;
		};
		289FBA3B1A61D64500CBA699 /* Debug */ = {
			isa = XCBuildConfiguration;
			buildSettings = {
				BUNDLE_LOADER = "$(TEST_HOST)";
				FRAMEWORK_SEARCH_PATHS = (
					"$(SDKROOT)/Developer/Library/Frameworks",
					"$(inherited)",
				);
				GCC_PREPROCESSOR_DEFINITIONS = (
					"DEBUG=1",
					"$(inherited)",
				);
				INFOPLIST_FILE = GriddlrTests/Info.plist;
				LD_RUNPATH_SEARCH_PATHS = "$(inherited) @executable_path/Frameworks @loader_path/Frameworks";
				PRODUCT_NAME = "$(TARGET_NAME)";
				TEST_HOST = "$(BUILT_PRODUCTS_DIR)/Griddlr.app/Griddlr";
			};
			name = Debug;
		};
		289FBA3C1A61D64500CBA699 /* Release */ = {
			isa = XCBuildConfiguration;
			buildSettings = {
				BUNDLE_LOADER = "$(TEST_HOST)";
				FRAMEWORK_SEARCH_PATHS = (
					"$(SDKROOT)/Developer/Library/Frameworks",
					"$(inherited)",
				);
				INFOPLIST_FILE = GriddlrTests/Info.plist;
				LD_RUNPATH_SEARCH_PATHS = "$(inherited) @executable_path/Frameworks @loader_path/Frameworks";
				PRODUCT_NAME = "$(TARGET_NAME)";
				TEST_HOST = "$(BUILT_PRODUCTS_DIR)/Griddlr.app/Griddlr";
			};
			name = Release;
		};
/* End XCBuildConfiguration section */

/* Begin XCConfigurationList section */
		289FBA131A61D64500CBA699 /* Build configuration list for PBXProject "Griddlr" */ = {
			isa = XCConfigurationList;
			buildConfigurations = (
				289FBA351A61D64500CBA699 /* Debug */,
				289FBA361A61D64500CBA699 /* Release */,
			);
			defaultConfigurationIsVisible = 0;
			defaultConfigurationName = Release;
		};
		289FBA371A61D64500CBA699 /* Build configuration list for PBXNativeTarget "Griddlr" */ = {
			isa = XCConfigurationList;
			buildConfigurations = (
				289FBA381A61D64500CBA699 /* Debug */,
				289FBA391A61D64500CBA699 /* Release */,
			);
			defaultConfigurationIsVisible = 0;
			defaultConfigurationName = Release;
		};
		289FBA3A1A61D64500CBA699 /* Build configuration list for PBXNativeTarget "GriddlrTests" */ = {
			isa = XCConfigurationList;
			buildConfigurations = (
				289FBA3B1A61D64500CBA699 /* Debug */,
				289FBA3C1A61D64500CBA699 /* Release */,
			);
			defaultConfigurationIsVisible = 0;
			defaultConfigurationName = Release;
		};
/* End XCConfigurationList section */
	};
	rootObject = 289FBA101A61D64500CBA699 /* Project object */;
}
